// !$*UTF8*$!
{
	archiveVersion = 1;
	classes = {
	};
	objectVersion = 50;
	objects = {

/* Begin PBXBuildFile section */
		81CD47D221AC9C9100F0CF99 /* AppDelegate.swift in Sources */ = {isa = PBXBuildFile; fileRef = 81CD47D121AC9C9100F0CF99 /* AppDelegate.swift */; };
		81CD47D421AC9C9100F0CF99 /* ViewController.swift in Sources */ = {isa = PBXBuildFile; fileRef = 81CD47D321AC9C9100F0CF99 /* ViewController.swift */; };
		81CD47D721AC9C9100F0CF99 /* Main.storyboard in Resources */ = {isa = PBXBuildFile; fileRef = 81CD47D521AC9C9100F0CF99 /* Main.storyboard */; };
		81CD47D921AC9C9200F0CF99 /* Assets.xcassets in Resources */ = {isa = PBXBuildFile; fileRef = 81CD47D821AC9C9200F0CF99 /* Assets.xcassets */; };
		81CD47DC21AC9C9200F0CF99 /* LaunchScreen.storyboard in Resources */ = {isa = PBXBuildFile; fileRef = 81CD47DA21AC9C9200F0CF99 /* LaunchScreen.storyboard */; };
		81CD47E421ACA41900F0CF99 /* ContentProvider.swift in Sources */ = {isa = PBXBuildFile; fileRef = 81CD47E321ACA41900F0CF99 /* ContentProvider.swift */; };
		81CD47E621ACA59100F0CF99 /* ToolCell.swift in Sources */ = {isa = PBXBuildFile; fileRef = 81CD47E521ACA59100F0CF99 /* ToolCell.swift */; };
/* End PBXBuildFile section */

/* Begin PBXFileReference section */
		81CD47CE21AC9C9100F0CF99 /* AdjustPhoto.app */ = {isa = PBXFileReference; explicitFileType = wrapper.application; includeInIndex = 0; path = AdjustPhoto.app; sourceTree = BUILT_PRODUCTS_DIR; };
		81CD47D121AC9C9100F0CF99 /* AppDelegate.swift */ = {isa = PBXFileReference; lastKnownFileType = sourcecode.swift; path = AppDelegate.swift; sourceTree = "<group>"; };
		81CD47D321AC9C9100F0CF99 /* ViewController.swift */ = {isa = PBXFileReference; lastKnownFileType = sourcecode.swift; path = ViewController.swift; sourceTree = "<group>"; };
		81CD47D621AC9C9100F0CF99 /* Base */ = {isa = PBXFileReference; lastKnownFileType = file.storyboard; name = Base; path = Base.lproj/Main.storyboard; sourceTree = "<group>"; };
		81CD47D821AC9C9200F0CF99 /* Assets.xcassets */ = {isa = PBXFileReference; lastKnownFileType = folder.assetcatalog; path = Assets.xcassets; sourceTree = "<group>"; };
		81CD47DB21AC9C9200F0CF99 /* Base */ = {isa = PBXFileReference; lastKnownFileType = file.storyboard; name = Base; path = Base.lproj/LaunchScreen.storyboard; sourceTree = "<group>"; };
		81CD47DD21AC9C9200F0CF99 /* Info.plist */ = {isa = PBXFileReference; lastKnownFileType = text.plist.xml; path = Info.plist; sourceTree = "<group>"; };
		81CD47E321ACA41900F0CF99 /* ContentProvider.swift */ = {isa = PBXFileReference; lastKnownFileType = sourcecode.swift; path = ContentProvider.swift; sourceTree = "<group>"; };
		81CD47E521ACA59100F0CF99 /* ToolCell.swift */ = {isa = PBXFileReference; lastKnownFileType = sourcecode.swift; path = ToolCell.swift; sourceTree = "<group>"; };
/* End PBXFileReference section */

/* Begin PBXFrameworksBuildPhase section */
		81CD47CB21AC9C9100F0CF99 /* Frameworks */ = {
			isa = PBXFrameworksBuildPhase;
			buildActionMask = 2147483647;
			files = (
			);
			runOnlyForDeploymentPostprocessing = 0;
		};
/* End PBXFrameworksBuildPhase section */

/* Begin PBXGroup section */
		81CD47C521AC9C9100F0CF99 = {
			isa = PBXGroup;
			children = (
				81CD47D021AC9C9100F0CF99 /* AdjustPhoto */,
				81CD47CF21AC9C9100F0CF99 /* Products */,
			);
			sourceTree = "<group>";
		};
		81CD47CF21AC9C9100F0CF99 /* Products */ = {
			isa = PBXGroup;
			children = (
				81CD47CE21AC9C9100F0CF99 /* AdjustPhoto.app */,
			);
			name = Products;
			sourceTree = "<group>";
		};
		81CD47D021AC9C9100F0CF99 /* AdjustPhoto */ = {
			isa = PBXGroup;
			children = (
				81CD47D121AC9C9100F0CF99 /* AppDelegate.swift */,
				81CD47E521ACA59100F0CF99 /* ToolCell.swift */,
				81CD47E321ACA41900F0CF99 /* ContentProvider.swift */,
				81CD47D321AC9C9100F0CF99 /* ViewController.swift */,
				81CD47D521AC9C9100F0CF99 /* Main.storyboard */,
				81CD47D821AC9C9200F0CF99 /* Assets.xcassets */,
				81CD47DA21AC9C9200F0CF99 /* LaunchScreen.storyboard */,
				81CD47DD21AC9C9200F0CF99 /* Info.plist */,
			);
			path = AdjustPhoto;
			sourceTree = "<group>";
		};
/* End PBXGroup section */

/* Begin PBXNativeTarget section */
		81CD47CD21AC9C9100F0CF99 /* AdjustPhoto */ = {
			isa = PBXNativeTarget;
			buildConfigurationList = 81CD47E021AC9C9200F0CF99 /* Build configuration list for PBXNativeTarget "AdjustPhoto" */;
			buildPhases = (
				81CD47CA21AC9C9100F0CF99 /* Sources */,
				81CD47CB21AC9C9100F0CF99 /* Frameworks */,
				81CD47CC21AC9C9100F0CF99 /* Resources */,
			);
			buildRules = (
			);
			dependencies = (
			);
			name = AdjustPhoto;
			productName = AdjustPhoto;
			productReference = 81CD47CE21AC9C9100F0CF99 /* AdjustPhoto.app */;
			productType = "com.apple.product-type.application";
		};
/* End PBXNativeTarget section */

/* Begin PBXProject section */
		81CD47C621AC9C9100F0CF99 /* Project object */ = {
			isa = PBXProject;
			attributes = {
				LastSwiftUpdateCheck = 1010;
				LastUpgradeCheck = 1010;
				ORGANIZATIONNAME = "Onur Işık";
				TargetAttributes = {
					81CD47CD21AC9C9100F0CF99 = {
						CreatedOnToolsVersion = 10.1;
					};
				};
			};
			buildConfigurationList = 81CD47C921AC9C9100F0CF99 /* Build configuration list for PBXProject "AdjustPhoto" */;
			compatibilityVersion = "Xcode 9.3";
			developmentRegion = en;
			hasScannedForEncodings = 0;
			knownRegions = (
				en,
				Base,
			);
			mainGroup = 81CD47C521AC9C9100F0CF99;
			productRefGroup = 81CD47CF21AC9C9100F0CF99 /* Products */;
			projectDirPath = "";
			projectRoot = "";
			targets = (
				81CD47CD21AC9C9100F0CF99 /* AdjustPhoto */,
			);
		};
/* End PBXProject section */

/* Begin PBXResourcesBuildPhase section */
		81CD47CC21AC9C9100F0CF99 /* Resources */ = {
			isa = PBXResourcesBuildPhase;
			buildActionMask = 2147483647;
			files = (
				81CD47DC21AC9C9200F0CF99 /* LaunchScreen.storyboard in Resources */,
				81CD47D921AC9C9200F0CF99 /* Assets.xcassets in Resources */,
				81CD47D721AC9C9100F0CF99 /* Main.storyboard in Resources */,
			);
			runOnlyForDeploymentPostprocessing = 0;
		};
/* End PBXResourcesBuildPhase section */

/* Begin PBXSourcesBuildPhase section */
		81CD47CA21AC9C9100F0CF99 /* Sources */ = {
			isa = PBXSourcesBuildPhase;
			buildActionMask = 2147483647;
			files = (
				81CD47E421ACA41900F0CF99 /* ContentProvider.swift in Sources */,
				81CD47D421AC9C9100F0CF99 /* ViewController.swift in Sources */,
				81CD47D221AC9C9100F0CF99 /* AppDelegate.swift in Sources */,
				81CD47E621ACA59100F0CF99 /* ToolCell.swift in Sources */,
			);
			runOnlyForDeploymentPostprocessing = 0;
		};
/* End PBXSourcesBuildPhase section */

/* Begin PBXVariantGroup section */
		81CD47D521AC9C9100F0CF99 /* Main.storyboard */ = {
			isa = PBXVariantGroup;
			children = (
				81CD47D621AC9C9100F0CF99 /* Base */,
			);
			name = Main.storyboard;
			sourceTree = "<group>";
		};
		81CD47DA21AC9C9200F0CF99 /* LaunchScreen.storyboard */ = {
			isa = PBXVariantGroup;
			children = (
				81CD47DB21AC9C9200F0CF99 /* Base */,
			);
			name = LaunchScreen.storyboard;
			sourceTree = "<group>";
		};
/* End PBXVariantGroup section */

/* Begin XCBuildConfiguration section */
		81CD47DE21AC9C9200F0CF99 /* Debug */ = {
			isa = XCBuildConfiguration;
			buildSettings = {
				ALWAYS_SEARCH_USER_PATHS = NO;
				CLANG_ANALYZER_NONNULL = YES;
				CLANG_ANALYZER_NUMBER_OBJECT_CONVERSION = YES_AGGRESSIVE;
				CLANG_CXX_LANGUAGE_STANDARD = "gnu++14";
				CLANG_CXX_LIBRARY = "libc++";
				CLANG_ENABLE_MODULES = YES;
				CLANG_ENABLE_OBJC_ARC = YES;
				CLANG_ENABLE_OBJC_WEAK = YES;
				CLANG_WARN_BLOCK_CAPTURE_AUTORELEASING = YES;
				CLANG_WARN_BOOL_CONVERSION = YES;
				CLANG_WARN_COMMA = YES;
				CLANG_WARN_CONSTANT_CONVERSION = YES;
				CLANG_WARN_DEPRECATED_OBJC_IMPLEMENTATIONS = YES;
				CLANG_WARN_DIRECT_OBJC_ISA_USAGE = YES_ERROR;
				CLANG_WARN_DOCUMENTATION_COMMENTS = YES;
				CLANG_WARN_EMPTY_BODY = YES;
				CLANG_WARN_ENUM_CONVERSION = YES;
				CLANG_WARN_INFINITE_RECURSION = YES;
				CLANG_WARN_INT_CONVERSION = YES;
				CLANG_WARN_NON_LITERAL_NULL_CONVERSION = YES;
				CLANG_WARN_OBJC_IMPLICIT_RETAIN_SELF = YES;
				CLANG_WARN_OBJC_LITERAL_CONVERSION = YES;
				CLANG_WARN_OBJC_ROOT_CLASS = YES_ERROR;
				CLANG_WARN_RANGE_LOOP_ANALYSIS = YES;
				CLANG_WARN_STRICT_PROTOTYPES = YES;
				CLANG_WARN_SUSPICIOUS_MOVE = YES;
				CLANG_WARN_UNGUARDED_AVAILABILITY = YES_AGGRESSIVE;
				CLANG_WARN_UNREACHABLE_CODE = YES;
				CLANG_WARN__DUPLICATE_METHOD_MATCH = YES;
				CODE_SIGN_IDENTITY = "iPhone Developer";
				COPY_PHASE_STRIP = NO;
				DEBUG_INFORMATION_FORMAT = dwarf;
				ENABLE_STRICT_OBJC_MSGSEND = YES;
				ENABLE_TESTABILITY = YES;
				GCC_C_LANGUAGE_STANDARD = gnu11;
				GCC_DYNAMIC_NO_PIC = NO;
				GCC_NO_COMMON_BLOCKS = YES;
				GCC_OPTIMIZATION_LEVEL = 0;
				GCC_PREPROCESSOR_DEFINITIONS = (
					"DEBUG=1",
					"$(inherited)",
				);
				GCC_WARN_64_TO_32_BIT_CONVERSION = YES;
				GCC_WARN_ABOUT_RETURN_TYPE = YES_ERROR;
				GCC_WARN_UNDECLARED_SELECTOR = YES;
				GCC_WARN_UNINITIALIZED_AUTOS = YES_AGGRESSIVE;
				GCC_WARN_UNUSED_FUNCTION = YES;
				GCC_WARN_UNUSED_VARIABLE = YES;
				IPHONEOS_DEPLOYMENT_TARGET = 12.1;
				MTL_ENABLE_DEBUG_INFO = INCLUDE_SOURCE;
				MTL_FAST_MATH = YES;
				ONLY_ACTIVE_ARCH = YES;
				SDKROOT = iphoneos;
				SWIFT_ACTIVE_COMPILATION_CONDITIONS = DEBUG;
				SWIFT_OPTIMIZATION_LEVEL = "-Onone";
			};
			name = Debug;
		};
		81CD47DF21AC9C9200F0CF99 /* Release */ = {
			isa = XCBuildConfiguration;
			buildSettings = {
				ALWAYS_SEARCH_USER_PATHS = NO;
				CLANG_ANALYZER_NONNULL = YES;
				CLANG_ANALYZER_NUMBER_OBJECT_CONVERSION = YES_AGGRESSIVE;
				CLANG_CXX_LANGUAGE_STANDARD = "gnu++14";
				CLANG_CXX_LIBRARY = "libc++";
				CLANG_ENABLE_MODULES = YES;
				CLANG_ENABLE_OBJC_ARC = YES;
				CLANG_ENABLE_OBJC_WEAK = YES;
				CLANG_WARN_BLOCK_CAPTURE_AUTORELEASING = YES;
				CLANG_WARN_BOOL_CONVERSION = YES;
				CLANG_WARN_COMMA = YES;
				CLANG_WARN_CONSTANT_CONVERSION = YES;
				CLANG_WARN_DEPRECATED_OBJC_IMPLEMENTATIONS = YES;
				CLANG_WARN_DIRECT_OBJC_ISA_USAGE = YES_ERROR;
				CLANG_WARN_DOCUMENTATION_COMMENTS = YES;
				CLANG_WARN_EMPTY_BODY = YES;
				CLANG_WARN_ENUM_CONVERSION = YES;
				CLANG_WARN_INFINITE_RECURSION = YES;
				CLANG_WARN_INT_CONVERSION = YES;
				CLANG_WARN_NON_LITERAL_NULL_CONVERSION = YES;
				CLANG_WARN_OBJC_IMPLICIT_RETAIN_SELF = YES;
				CLANG_WARN_OBJC_LITERAL_CONVERSION = YES;
				CLANG_WARN_OBJC_ROOT_CLASS = YES_ERROR;
				CLANG_WARN_RANGE_LOOP_ANALYSIS = YES;
				CLANG_WARN_STRICT_PROTOTYPES = YES;
				CLANG_WARN_SUSPICIOUS_MOVE = YES;
				CLANG_WARN_UNGUARDED_AVAILABILITY = YES_AGGRESSIVE;
				CLANG_WARN_UNREACHABLE_CODE = YES;
				CLANG_WARN__DUPLICATE_METHOD_MATCH = YES;
				CODE_SIGN_IDENTITY = "iPhone Developer";
				COPY_PHASE_STRIP = NO;
				DEBUG_INFORMATION_FORMAT = "dwarf-with-dsym";
				ENABLE_NS_ASSERTIONS = NO;
				ENABLE_STRICT_OBJC_MSGSEND = YES;
				GCC_C_LANGUAGE_STANDARD = gnu11;
				GCC_NO_COMMON_BLOCKS = YES;
				GCC_WARN_64_TO_32_BIT_CONVERSION = YES;
				GCC_WARN_ABOUT_RETURN_TYPE = YES_ERROR;
				GCC_WARN_UNDECLARED_SELECTOR = YES;
				GCC_WARN_UNINITIALIZED_AUTOS = YES_AGGRESSIVE;
				GCC_WARN_UNUSED_FUNCTION = YES;
				GCC_WARN_UNUSED_VARIABLE = YES;
				IPHONEOS_DEPLOYMENT_TARGET = 12.1;
				MTL_ENABLE_DEBUG_INFO = NO;
				MTL_FAST_MATH = YES;
				SDKROOT = iphoneos;
				SWIFT_COMPILATION_MODE = wholemodule;
				SWIFT_OPTIMIZATION_LEVEL = "-O";
				VALIDATE_PRODUCT = YES;
			};
			name = Release;
		};
		81CD47E121AC9C9200F0CF99 /* Debug */ = {
			isa = XCBuildConfiguration;
			buildSettings = {
				ASSETCATALOG_COMPILER_APPICON_NAME = AppIcon;
				CODE_SIGN_STYLE = Automatic;
				DEVELOPMENT_TEAM = N26XM7U465;
				INFOPLIST_FILE = AdjustPhoto/Info.plist;
				IPHONEOS_DEPLOYMENT_TARGET = 10.0;
				LD_RUNPATH_SEARCH_PATHS = (
					"$(inherited)",
					"@executable_path/Frameworks",
				);
				PRODUCT_BUNDLE_IDENTIFIER = com.coder.adjustPhoto.AdjustPhoto;
				PRODUCT_NAME = "$(TARGET_NAME)";
				SWIFT_VERSION = 4.2;
				TARGETED_DEVICE_FAMILY = "1,2";
			};
			name = Debug;
		};
		81CD47E221AC9C9200F0CF99 /* Release */ = {
			isa = XCBuildConfiguration;
			buildSettings = {
				ASSETCATALOG_COMPILER_APPICON_NAME = AppIcon;
				CODE_SIGN_STYLE = Automatic;
				DEVELOPMENT_TEAM = N26XM7U465;
				INFOPLIST_FILE = AdjustPhoto/Info.plist;
				IPHONEOS_DEPLOYMENT_TARGET = 10.0;
				LD_RUNPATH_SEARCH_PATHS = (
					"$(inherited)",
					"@executable_path/Frameworks",
				);
				PRODUCT_BUNDLE_IDENTIFIER = com.coder.adjustPhoto.AdjustPhoto;
				PRODUCT_NAME = "$(TARGET_NAME)";
				SWIFT_VERSION = 4.2;
				TARGETED_DEVICE_FAMILY = "1,2";
			};
			name = Release;
		};
/* End XCBuildConfiguration section */

/* Begin XCConfigurationList section */
		81CD47C921AC9C9100F0CF99 /* Build configuration list for PBXProject "AdjustPhoto" */ = {
			isa = XCConfigurationList;
			buildConfigurations = (
				81CD47DE21AC9C9200F0CF99 /* Debug */,
				81CD47DF21AC9C9200F0CF99 /* Release */,
			);
			defaultConfigurationIsVisible = 0;
			defaultConfigurationName = Release;
		};
		81CD47E021AC9C9200F0CF99 /* Build configuration list for PBXNativeTarget "AdjustPhoto" */ = {
			isa = XCConfigurationList;
			buildConfigurations = (
				81CD47E121AC9C9200F0CF99 /* Debug */,
				81CD47E221AC9C9200F0CF99 /* Release */,
			);
			defaultConfigurationIsVisible = 0;
			defaultConfigurationName = Release;
		};
/* End XCConfigurationList section */
	};
	rootObject = 81CD47C621AC9C9100F0CF99 /* Project object */;
}
